[{
  "version": "1.0",
  "image": {
    "name": null,
    "permissions": 777,
    "format": "PS",
    "formatDescription": "PostScript",
    "mimeType": "application/postscript",
    "class": "DirectClass",
    "geometry": {
      "width": 1366,
      "height": 736,
      "x": 0,
      "y": 0
    },
    "units": "Undefined",
    "type": "TrueColor",
    "endianness": "Undefined",
    "colorspace": "sRGB",
    "depth": 8,
    "baseDepth": 16,
    "channelDepth": {
      "red": 8,
      "green": 8,
      "blue": 8
    },
    "pixels": 1005376,
    "imageStatistics": {
      "all": {
        "min": 0,
        "max": 65535,
        "mean": 10296.6,
        "standardDeviation": 7162.95,
        "kurtosis": 23.9434,
        "skewness": 4.39309,
        "entropy": 0.319861
      }
    },
    "channelStatistics": {
      "red": {
        "min": 0,
        "max": 65535,
        "mean": 9435.91,
        "standardDeviation": 7039.14,
        "kurtosis": 30.3396,
        "skewness": 5.03687,
        "entropy": 0.325679
      },
      "green": {
        "min": 0,
        "max": 65535,
        "mean": 10175.8,
        "standardDeviation": 6801.15,
        "kurtosis": 29.6557,
        "skewness": 4.97262,
        "entropy": 0.307738
      },
      "blue": {
        "min": 0,
        "max": 65535,
        "mean": 11278,
        "standardDeviation": 7648.55,
        "kurtosis": 16.5454,
        "skewness": 3.56263,
        "entropy": 0.326167
      }
    },
    "renderingIntent": "Perceptual",
    "gamma": 0.454545,
    "chromaticity": {
      "redPrimary": {
        "x": 0.64,
        "y": 0.33
      },
      "greenPrimary": {
        "x": 0.3,
        "y": 0.6
      },
      "bluePrimary": {
        "x": 0.15,
        "y": 0.06
      },
      "whitePrimary": {
        "x": 0.3127,
        "y": 0.329
      }
    },
    "backgroundColor": "#FFFFFFFFFFFF",
    "borderColor": "#DFDFDFDFDFDF",
    "matteColor": "#BDBDBDBDBDBD",
    "transparentColor": "#000000000000",
    "interlace": "None",
    "intensity": "Undefined",
    "compose": "Over",
    "dispose": "Undefined",
    "iterations": 0,
    "scene": 0,
    "scenes": 2,
    "compression": "Undefined",
    "quality": 85,
    "orientation": "Undefined",
    "properties": {
      "signature": "cb713be43edefec4ced8eed8f59e57bba731ea075aead5ed854e69b0b257fa2a"
    },
    "tainted": true,
    "filesize": "0B",
    "numberPixels": "1.00538M",
    "pixelsPerSecond": "38953B",
    "userTime": "0.200u",
    "elapsedTime": "0:26.809",
    "version": "ImageMagick 6.9.12-98 Q16 x86_64 18038 https://legacy.imagemagick.org"
  }
}
,
{
  "version": "1.0",
  "image": {
    "name": null,
    "permissions": 777,
    "format": "PS",
    "formatDescription": "PostScript",
    "mimeType": "application/postscript",
    "class": "DirectClass",
    "geometry": {
      "width": 1920,
      "height": 1080,
      "x": 0,
      "y": 0
    },
    "units": "Undefined",
    "type": "TrueColor",
    "endianness": "Undefined",
    "colorspace": "sRGB",
    "depth": 8,
    "baseDepth": 16,
    "channelDepth": {
      "red": 8,
      "green": 8,
      "blue": 8
    },
    "pixels": 2073600,
    "imageStatistics": {
      "all": {
        "min": 0,
        "max": 65535,
        "mean": 59579.7,
        "standardDeviation": 16948,
        "kurtosis": 4.75155,
        "skewness": -2.56992,
        "entropy": 0.0976384
      }
    },
    "channelStatistics": {
      "red": {
        "min": 0,
        "max": 65535,
        "mean": 59012.7,
        "standardDeviation": 18531.9,
        "kurtosis": 4.37613,
        "skewness": -2.51625,
        "entropy": 0.0974599
      },
      "green": {
        "min": 0,
        "max": 65535,
        "mean": 59499.4,
        "standardDeviation": 17136.1,
        "kurtosis": 4.42159,
        "skewness": -2.52093,
        "entropy": 0.0977133
      },
      "blue": {
        "min": 0,
        "max": 65535,
        "mean": 60227,
        "standardDeviation": 15176.1,
        "kurtosis": 4.90275,
        "skewness": -2.58788,
        "entropy": 0.0977421
      }
    },
    "renderingIntent": "Perceptual",
    "gamma": 0.454545,
    "chromaticity": {
      "redPrimary": {
        "x": 0.64,
        "y": 0.33
      },
      "greenPrimary": {
        "x": 0.3,
        "y": 0.6
      },
      "bluePrimary": {
        "x": 0.15,
        "y": 0.06
      },
      "whitePrimary": {
        "x": 0.3127,
        "y": 0.329
      }
    },
    "backgroundColor": "#FFFFFFFFFFFF",
    "borderColor": "#DFDFDFDFDFDF",
    "matteColor": "#BDBDBDBDBDBD",
    "transparentColor": "#000000000000",
    "interlace": "None",
    "intensity": "Undefined",
    "compose": "Over",
    "dispose": "Undefined",
    "iterations": 0,
    "scene": 1,
    "scenes": 2,
    "compression": "Undefined",
    "quality": 85,
    "orientation": "Undefined",
    "properties": {
      "signature": "b5bc283c77e80b21c7a0c47a4f81404573df5f0f8f0e0f7561869814aa476d76"
    },
    "tainted": true,
    "filesize": "0B",
    "numberPixels": "2.0736M",
    "pixelsPerSecond": "6.47951MB",
    "userTime": "0.270u",
    "elapsedTime": "0:01.320",
    "version": "ImageMagick 6.9.12-98 Q16 x86_64 18038 https://legacy.imagemagick.org"
  }
}
]